
Microsoft Visual Studio Solution File, Format Version 12.00
# Visual Studio Version 17
VisualStudioVersion = 17.0.32014.148
MinimumVisualStudioVersion = 10.0.40219.1
Project("{FAE04EC0-301F-11D3-BF4B-00C04F79EFBC}") = "ProjetArchiLog.API", "ProjetArchiLog.API\ProjetArchiLog.API.csproj", "{AE3822C0-69AC-4731-8BC1-92F87083B1E9}"
EndProject
Project("{FAE04EC0-301F-11D3-BF4B-00C04F79EFBC}") = "ProjetArchiLog.Library", "ProjetArchiLog.Library\ProjetArchiLog.Library.csproj", "{5B49A901-CFF3-4EDA-A174-178DA0DCE871}"
EndProject
Project("{FAE04EC0-301F-11D3-BF4B-00C04F79EFBC}") = "ProjetArchiLog.TestAPI", "ProjetArchiLog.TestAPI\ProjetArchiLog.TestAPI.csproj", "{FD0D0831-C76D-440E-AC0C-7ECAC7F7F743}"
EndProject
Project("{FAE04EC0-301F-11D3-BF4B-00C04F79EFBC}") = "ProjetArchiLog.TestLibrary", "ProjetArchiLog.TestLibrary\ProjetArchiLog.TestLibrary.csproj", "{EC481498-419F-4213-8ADE-A6395FF5A35C}"
EndProject
Global
	GlobalSection(SolutionConfigurationPlatforms) = preSolution
		Debug|Any CPU = Debug|Any CPU
		Release|Any CPU = Release|Any CPU
	EndGlobalSection
	GlobalSection(ProjectConfigurationPlatforms) = postSolution
		{AE3822C0-69AC-4731-8BC1-92F87083B1E9}.Debug|Any CPU.ActiveCfg = Debug|Any CPU
		{AE3822C0-69AC-4731-8BC1-92F87083B1E9}.Debug|Any CPU.Build.0 = Debug|Any CPU
		{AE3822C0-69AC-4731-8BC1-92F87083B1E9}.Release|Any CPU.ActiveCfg = Release|Any CPU
		{AE3822C0-69AC-4731-8BC1-92F87083B1E9}.Release|Any CPU.Build.0 = Release|Any CPU
		{5B49A901-CFF3-4EDA-A174-178DA0DCE871}.Debug|Any CPU.ActiveCfg = Debug|Any CPU
		{5B49A901-CFF3-4EDA-A174-178DA0DCE871}.Debug|Any CPU.Build.0 = Debug|Any CPU
		{5B49A901-CFF3-4EDA-A174-178DA0DCE871}.Release|Any CPU.ActiveCfg = Release|Any CPU
		{5B49A901-CFF3-4EDA-A174-178DA0DCE871}.Release|Any CPU.Build.0 = Release|Any CPU
		{FD0D0831-C76D-440E-AC0C-7ECAC7F7F743}.Debug|Any CPU.ActiveCfg = Debug|Any CPU
		{FD0D0831-C76D-440E-AC0C-7ECAC7F7F743}.Debug|Any CPU.Build.0 = Debug|Any CPU
		{FD0D0831-C76D-440E-AC0C-7ECAC7F7F743}.Release|Any CPU.ActiveCfg = Release|Any CPU
		{FD0D0831-C76D-440E-AC0C-7ECAC7F7F743}.Release|Any CPU.Build.0 = Release|Any CPU
		{EC481498-419F-4213-8ADE-A6395FF5A35C}.Debug|Any CPU.ActiveCfg = Debug|Any CPU
		{EC481498-419F-4213-8ADE-A6395FF5A35C}.Debug|Any CPU.Build.0 = Debug|Any CPU
		{EC481498-419F-4213-8ADE-A6395FF5A35C}.Release|Any CPU.ActiveCfg = Release|Any CPU
		{EC481498-419F-4213-8ADE-A6395FF5A35C}.Release|Any CPU.Build.0 = Release|Any CPU
	EndGlobalSection
	GlobalSection(SolutionProperties) = preSolution
		HideSolutionNode = FALSE
	EndGlobalSection
	GlobalSection(ExtensibilityGlobals) = postSolution
		SolutionGuid = {DE07130D-D871-4628-BDCB-A33A23A7A63C}
	EndGlobalSection
EndGlobal
